// !$*UTF8*$!
{
	archiveVersion = 1;
	classes = {
	};
	objectVersion = 55;
	objects = {

/* Begin PBXBuildFile section */
		140417252884FC6E001E8C82 /* Tests_iOS.swift in Sources */ = {isa = PBXBuildFile; fileRef = 140417242884FC6E001E8C82 /* Tests_iOS.swift */; };
		140417272884FC6E001E8C82 /* Tests_iOSLaunchTests.swift in Sources */ = {isa = PBXBuildFile; fileRef = 140417262884FC6E001E8C82 /* Tests_iOSLaunchTests.swift */; };
		140417342884FC6E001E8C82 /* astro_uiApp.swift in Sources */ = {isa = PBXBuildFile; fileRef = 1404170C2884FC6D001E8C82 /* astro_uiApp.swift */; };
		140417362884FC6E001E8C82 /* ContentView.swift in Sources */ = {isa = PBXBuildFile; fileRef = 1404170D2884FC6D001E8C82 /* ContentView.swift */; };
		140417382884FC6E001E8C82 /* Assets.xcassets in Resources */ = {isa = PBXBuildFile; fileRef = 1404170E2884FC6E001E8C82 /* Assets.xcassets */; };
		1404175128850592001E8C82 /* TelemetryRowView.swift in Sources */ = {isa = PBXBuildFile; fileRef = 1404175028850592001E8C82 /* TelemetryRowView.swift */; };
		1404175328850627001E8C82 /* TelemetryPoint.swift in Sources */ = {isa = PBXBuildFile; fileRef = 1404175228850627001E8C82 /* TelemetryPoint.swift */; };
		1404175728858535001E8C82 /* telemetry.json in Resources */ = {isa = PBXBuildFile; fileRef = 1404175628858535001E8C82 /* telemetry.json */; };
		1404175B288588EE001E8C82 /* TelemetryGroup.swift in Sources */ = {isa = PBXBuildFile; fileRef = 1404175A288588EE001E8C82 /* TelemetryGroup.swift */; };
		1404175D28858952001E8C82 /* ModelData.swift in Sources */ = {isa = PBXBuildFile; fileRef = 1404175C28858952001E8C82 /* ModelData.swift */; };
		141AB756288BACE20012A8F9 /* Podfile in Resources */ = {isa = PBXBuildFile; fileRef = 141AB755288BACE20012A8F9 /* Podfile */; };
/* End PBXBuildFile section */

/* Begin PBXContainerItemProxy section */
		140417212884FC6E001E8C82 /* PBXContainerItemProxy */ = {
			isa = PBXContainerItemProxy;
			containerPortal = 140417072884FC6D001E8C82 /* Project object */;
			proxyType = 1;
			remoteGlobalIDString = 140417122884FC6E001E8C82;
			remoteInfo = "astro-ui (iOS)";
		};
/* End PBXContainerItemProxy section */

/* Begin PBXCopyFilesBuildPhase section */
		14DDE4BF288CF422005A23D3 /* Embed Frameworks */ = {
			isa = PBXCopyFilesBuildPhase;
			buildActionMask = 2147483647;
			dstPath = "";
			dstSubfolderSpec = 10;
			files = (
			);
			name = "Embed Frameworks";
			runOnlyForDeploymentPostprocessing = 0;
		};
/* End PBXCopyFilesBuildPhase section */

/* Begin PBXFileReference section */
		1404170C2884FC6D001E8C82 /* astro_uiApp.swift */ = {isa = PBXFileReference; lastKnownFileType = sourcecode.swift; path = astro_uiApp.swift; sourceTree = "<group>"; };
		1404170D2884FC6D001E8C82 /* ContentView.swift */ = {isa = PBXFileReference; lastKnownFileType = sourcecode.swift; path = ContentView.swift; sourceTree = "<group>"; };
		1404170E2884FC6E001E8C82 /* Assets.xcassets */ = {isa = PBXFileReference; lastKnownFileType = folder.assetcatalog; path = Assets.xcassets; sourceTree = "<group>"; };
		140417132884FC6E001E8C82 /* astro-ui.app */ = {isa = PBXFileReference; explicitFileType = wrapper.application; includeInIndex = 0; path = "astro-ui.app"; sourceTree = BUILT_PRODUCTS_DIR; };
		1404171B2884FC6E001E8C82 /* macOS.entitlements */ = {isa = PBXFileReference; lastKnownFileType = text.plist.entitlements; path = macOS.entitlements; sourceTree = "<group>"; };
		140417202884FC6E001E8C82 /* Tests iOS.xctest */ = {isa = PBXFileReference; explicitFileType = wrapper.cfbundle; includeInIndex = 0; path = "Tests iOS.xctest"; sourceTree = BUILT_PRODUCTS_DIR; };
		140417242884FC6E001E8C82 /* Tests_iOS.swift */ = {isa = PBXFileReference; lastKnownFileType = sourcecode.swift; path = Tests_iOS.swift; sourceTree = "<group>"; };
		140417262884FC6E001E8C82 /* Tests_iOSLaunchTests.swift */ = {isa = PBXFileReference; lastKnownFileType = sourcecode.swift; path = Tests_iOSLaunchTests.swift; sourceTree = "<group>"; };
		140417302884FC6E001E8C82 /* Tests_macOS.swift */ = {isa = PBXFileReference; lastKnownFileType = sourcecode.swift; path = Tests_macOS.swift; sourceTree = "<group>"; };
		140417322884FC6E001E8C82 /* Tests_macOSLaunchTests.swift */ = {isa = PBXFileReference; lastKnownFileType = sourcecode.swift; path = Tests_macOSLaunchTests.swift; sourceTree = "<group>"; };
		1404175028850592001E8C82 /* TelemetryRowView.swift */ = {isa = PBXFileReference; lastKnownFileType = sourcecode.swift; path = TelemetryRowView.swift; sourceTree = "<group>"; };
		1404175228850627001E8C82 /* TelemetryPoint.swift */ = {isa = PBXFileReference; lastKnownFileType = sourcecode.swift; path = TelemetryPoint.swift; sourceTree = "<group>"; };
		1404175628858535001E8C82 /* telemetry.json */ = {isa = PBXFileReference; lastKnownFileType = text.json; path = telemetry.json; sourceTree = "<group>"; };
		1404175A288588EE001E8C82 /* TelemetryGroup.swift */ = {isa = PBXFileReference; lastKnownFileType = sourcecode.swift; path = TelemetryGroup.swift; sourceTree = "<group>"; };
		1404175C28858952001E8C82 /* ModelData.swift */ = {isa = PBXFileReference; lastKnownFileType = sourcecode.swift; path = ModelData.swift; sourceTree = "<group>"; };
		141AB755288BACE20012A8F9 /* Podfile */ = {isa = PBXFileReference; lastKnownFileType = text; path = Podfile; sourceTree = "<group>"; };
/* End PBXFileReference section */

/* Begin PBXFrameworksBuildPhase section */
		140417102884FC6E001E8C82 /* Frameworks */ = {
			isa = PBXFrameworksBuildPhase;
			buildActionMask = 2147483647;
			files = (
			);
			runOnlyForDeploymentPostprocessing = 0;
		};
		1404171D2884FC6E001E8C82 /* Frameworks */ = {
			isa = PBXFrameworksBuildPhase;
			buildActionMask = 2147483647;
			files = (
			);
			runOnlyForDeploymentPostprocessing = 0;
		};
/* End PBXFrameworksBuildPhase section */

/* Begin PBXGroup section */
		140417062884FC6D001E8C82 = {
			isa = PBXGroup;
			children = (
				141AB755288BACE20012A8F9 /* Podfile */,
				1404170B2884FC6D001E8C82 /* Shared */,
				1404171A2884FC6E001E8C82 /* macOS */,
				140417232884FC6E001E8C82 /* Tests iOS */,
				1404172F2884FC6E001E8C82 /* Tests macOS */,
				140417142884FC6E001E8C82 /* Products */,
				14DDE4BC288CF422005A23D3 /* Frameworks */,
			);
			sourceTree = "<group>";
		};
		1404170B2884FC6D001E8C82 /* Shared */ = {
			isa = PBXGroup;
			children = (
				14DDE3CE288BB6C0005A23D3 /* Client */,
				1404174A2884FCFC001E8C82 /* Resources */,
				140417492884FCF6001E8C82 /* Views */,
				140417482884FCEE001E8C82 /* Models */,
				1404170C2884FC6D001E8C82 /* astro_uiApp.swift */,
				1404170E2884FC6E001E8C82 /* Assets.xcassets */,
			);
			path = Shared;
			sourceTree = "<group>";
		};
		140417142884FC6E001E8C82 /* Products */ = {
			isa = PBXGroup;
			children = (
				140417132884FC6E001E8C82 /* astro-ui.app */,
				140417202884FC6E001E8C82 /* Tests iOS.xctest */,
			);
			name = Products;
			sourceTree = "<group>";
		};
		1404171A2884FC6E001E8C82 /* macOS */ = {
			isa = PBXGroup;
			children = (
				1404171B2884FC6E001E8C82 /* macOS.entitlements */,
			);
			path = macOS;
			sourceTree = "<group>";
		};
		140417232884FC6E001E8C82 /* Tests iOS */ = {
			isa = PBXGroup;
			children = (
				140417242884FC6E001E8C82 /* Tests_iOS.swift */,
				140417262884FC6E001E8C82 /* Tests_iOSLaunchTests.swift */,
			);
			path = "Tests iOS";
			sourceTree = "<group>";
		};
		1404172F2884FC6E001E8C82 /* Tests macOS */ = {
			isa = PBXGroup;
			children = (
				140417302884FC6E001E8C82 /* Tests_macOS.swift */,
				140417322884FC6E001E8C82 /* Tests_macOSLaunchTests.swift */,
			);
			path = "Tests macOS";
			sourceTree = "<group>";
		};
		140417482884FCEE001E8C82 /* Models */ = {
			isa = PBXGroup;
			children = (
				1404175228850627001E8C82 /* TelemetryPoint.swift */,
				1404175A288588EE001E8C82 /* TelemetryGroup.swift */,
				1404175C28858952001E8C82 /* ModelData.swift */,
			);
			path = Models;
			sourceTree = "<group>";
		};
		140417492884FCF6001E8C82 /* Views */ = {
			isa = PBXGroup;
			children = (
				1404170D2884FC6D001E8C82 /* ContentView.swift */,
				1404175028850592001E8C82 /* TelemetryRowView.swift */,
			);
			path = Views;
			sourceTree = "<group>";
		};
		1404174A2884FCFC001E8C82 /* Resources */ = {
			isa = PBXGroup;
			children = (
				1404175628858535001E8C82 /* telemetry.json */,
			);
			path = Resources;
			sourceTree = "<group>";
		};
		14DDE3CE288BB6C0005A23D3 /* Client */ = {
			isa = PBXGroup;
			children = (
			);
			path = Client;
			sourceTree = "<group>";
		};
		14DDE4BC288CF422005A23D3 /* Frameworks */ = {
			isa = PBXGroup;
			children = (
			);
			name = Frameworks;
			sourceTree = "<group>";
		};
/* End PBXGroup section */

/* Begin PBXNativeTarget section */
		140417122884FC6E001E8C82 /* astro-ui (iOS) */ = {
			isa = PBXNativeTarget;
			buildConfigurationList = 1404173C2884FC6E001E8C82 /* Build configuration list for PBXNativeTarget "astro-ui (iOS)" */;
			buildPhases = (
				1404170F2884FC6E001E8C82 /* Sources */,
				140417102884FC6E001E8C82 /* Frameworks */,
				140417112884FC6E001E8C82 /* Resources */,
				14DDE4BF288CF422005A23D3 /* Embed Frameworks */,
			);
			buildRules = (
			);
			dependencies = (
			);
			name = "astro-ui (iOS)";
			packageProductDependencies = (
			);
			productName = "astro-ui (iOS)";
			productReference = 140417132884FC6E001E8C82 /* astro-ui.app */;
			productType = "com.apple.product-type.application";
		};
		1404171F2884FC6E001E8C82 /* Tests iOS */ = {
			isa = PBXNativeTarget;
			buildConfigurationList = 140417422884FC6E001E8C82 /* Build configuration list for PBXNativeTarget "Tests iOS" */;
			buildPhases = (
				1404171C2884FC6E001E8C82 /* Sources */,
				1404171D2884FC6E001E8C82 /* Frameworks */,
				1404171E2884FC6E001E8C82 /* Resources */,
			);
			buildRules = (
			);
			dependencies = (
				140417222884FC6E001E8C82 /* PBXTargetDependency */,
			);
			name = "Tests iOS";
			productName = "Tests iOS";
			productReference = 140417202884FC6E001E8C82 /* Tests iOS.xctest */;
			productType = "com.apple.product-type.bundle.ui-testing";
		};
/* End PBXNativeTarget section */

/* Begin PBXProject section */
		140417072884FC6D001E8C82 /* Project object */ = {
			isa = PBXProject;
			attributes = {
				BuildIndependentTargetsInParallel = 1;
				LastSwiftUpdateCheck = 1340;
				LastUpgradeCheck = 1340;
				TargetAttributes = {
					140417122884FC6E001E8C82 = {
						CreatedOnToolsVersion = 13.4.1;
					};
					1404171F2884FC6E001E8C82 = {
						CreatedOnToolsVersion = 13.4.1;
						TestTargetID = 140417122884FC6E001E8C82;
					};
				};
			};
			buildConfigurationList = 1404170A2884FC6D001E8C82 /* Build configuration list for PBXProject "astro-ui" */;
			compatibilityVersion = "Xcode 13.0";
			developmentRegion = en;
			hasScannedForEncodings = 0;
			knownRegions = (
				en,
				Base,
			);
			mainGroup = 140417062884FC6D001E8C82;
			packageReferences = (
			);
			productRefGroup = 140417142884FC6E001E8C82 /* Products */;
			projectDirPath = "";
			projectRoot = "";
			targets = (
				140417122884FC6E001E8C82 /* astro-ui (iOS) */,
				1404171F2884FC6E001E8C82 /* Tests iOS */,
			);
		};
/* End PBXProject section */

/* Begin PBXResourcesBuildPhase section */
		140417112884FC6E001E8C82 /* Resources */ = {
			isa = PBXResourcesBuildPhase;
			buildActionMask = 2147483647;
			files = (
				141AB756288BACE20012A8F9 /* Podfile in Resources */,
				140417382884FC6E001E8C82 /* Assets.xcassets in Resources */,
				1404175728858535001E8C82 /* telemetry.json in Resources */,
			);
			runOnlyForDeploymentPostprocessing = 0;
		};
		1404171E2884FC6E001E8C82 /* Resources */ = {
			isa = PBXResourcesBuildPhase;
			buildActionMask = 2147483647;
			files = (
			);
			runOnlyForDeploymentPostprocessing = 0;
		};
/* End PBXResourcesBuildPhase section */

/* Begin PBXSourcesBuildPhase section */
		1404170F2884FC6E001E8C82 /* Sources */ = {
			isa = PBXSourcesBuildPhase;
			buildActionMask = 2147483647;
			files = (
				1404175128850592001E8C82 /* TelemetryRowView.swift in Sources */,
				140417362884FC6E001E8C82 /* ContentView.swift in Sources */,
				140417342884FC6E001E8C82 /* astro_uiApp.swift in Sources */,
				1404175D28858952001E8C82 /* ModelData.swift in Sources */,
				1404175328850627001E8C82 /* TelemetryPoint.swift in Sources */,
				1404175B288588EE001E8C82 /* TelemetryGroup.swift in Sources */,
			);
			runOnlyForDeploymentPostprocessing = 0;
		};
		1404171C2884FC6E001E8C82 /* Sources */ = {
			isa = PBXSourcesBuildPhase;
			buildActionMask = 2147483647;
			files = (
				140417272884FC6E001E8C82 /* Tests_iOSLaunchTests.swift in Sources */,
				140417252884FC6E001E8C82 /* Tests_iOS.swift in Sources */,
			);
			runOnlyForDeploymentPostprocessing = 0;
		};
/* End PBXSourcesBuildPhase section */

/* Begin PBXTargetDependency section */
		140417222884FC6E001E8C82 /* PBXTargetDependency */ = {
			isa = PBXTargetDependency;
			target = 140417122884FC6E001E8C82 /* astro-ui (iOS) */;
			targetProxy = 140417212884FC6E001E8C82 /* PBXContainerItemProxy */;
		};
/* End PBXTargetDependency section */

/* Begin XCBuildConfiguration section */
		1404173A2884FC6E001E8C82 /* Debug */ = {
			isa = XCBuildConfiguration;
			buildSettings = {
				ALWAYS_SEARCH_USER_PATHS = NO;
				CLANG_ANALYZER_NONNULL = YES;
				CLANG_ANALYZER_NUMBER_OBJECT_CONVERSION = YES_AGGRESSIVE;
				CLANG_CXX_LANGUAGE_STANDARD = "gnu++17";
				CLANG_ENABLE_MODULES = YES;
				CLANG_ENABLE_OBJC_ARC = YES;
				CLANG_ENABLE_OBJC_WEAK = YES;
				CLANG_WARN_BLOCK_CAPTURE_AUTORELEASING = YES;
				CLANG_WARN_BOOL_CONVERSION = YES;
				CLANG_WARN_COMMA = YES;
				CLANG_WARN_CONSTANT_CONVERSION = YES;
				CLANG_WARN_DEPRECATED_OBJC_IMPLEMENTATIONS = YES;
				CLANG_WARN_DIRECT_OBJC_ISA_USAGE = YES_ERROR;
				CLANG_WARN_DOCUMENTATION_COMMENTS = YES;
				CLANG_WARN_EMPTY_BODY = YES;
				CLANG_WARN_ENUM_CONVERSION = YES;
				CLANG_WARN_INFINITE_RECURSION = YES;
				CLANG_WARN_INT_CONVERSION = YES;
				CLANG_WARN_NON_LITERAL_NULL_CONVERSION = YES;
				CLANG_WARN_OBJC_IMPLICIT_RETAIN_SELF = YES;
				CLANG_WARN_OBJC_LITERAL_CONVERSION = YES;
				CLANG_WARN_OBJC_ROOT_CLASS = YES_ERROR;
				CLANG_WARN_QUOTED_INCLUDE_IN_FRAMEWORK_HEADER = YES;
				CLANG_WARN_RANGE_LOOP_ANALYSIS = YES;
				CLANG_WARN_STRICT_PROTOTYPES = YES;
				CLANG_WARN_SUSPICIOUS_MOVE = YES;
				CLANG_WARN_UNGUARDED_AVAILABILITY = YES_AGGRESSIVE;
				CLANG_WARN_UNREACHABLE_CODE = YES;
				CLANG_WARN__DUPLICATE_METHOD_MATCH = YES;
				COPY_PHASE_STRIP = NO;
				DEBUG_INFORMATION_FORMAT = dwarf;
				ENABLE_STRICT_OBJC_MSGSEND = YES;
				ENABLE_TESTABILITY = YES;
				"EXCLUDED_ARCHS[sdk=iphonesimulator*]" = arm64;
				GCC_C_LANGUAGE_STANDARD = gnu11;
				GCC_DYNAMIC_NO_PIC = NO;
				GCC_NO_COMMON_BLOCKS = YES;
				GCC_OPTIMIZATION_LEVEL = 0;
				GCC_PREPROCESSOR_DEFINITIONS = (
					"DEBUG=1",
					"$(inherited)",
				);
				GCC_WARN_64_TO_32_BIT_CONVERSION = YES;
				GCC_WARN_ABOUT_RETURN_TYPE = YES_ERROR;
				GCC_WARN_UNDECLARED_SELECTOR = YES;
				GCC_WARN_UNINITIALIZED_AUTOS = YES_AGGRESSIVE;
				GCC_WARN_UNUSED_FUNCTION = YES;
				GCC_WARN_UNUSED_VARIABLE = YES;
				MTL_ENABLE_DEBUG_INFO = INCLUDE_SOURCE;
				MTL_FAST_MATH = YES;
				ONLY_ACTIVE_ARCH = NO;
				SWIFT_ACTIVE_COMPILATION_CONDITIONS = DEBUG;
				SWIFT_OPTIMIZATION_LEVEL = "-Onone";
			};
			name = Debug;
		};
		1404173B2884FC6E001E8C82 /* Release */ = {
			isa = XCBuildConfiguration;
			buildSettings = {
				ALWAYS_SEARCH_USER_PATHS = NO;
				CLANG_ANALYZER_NONNULL = YES;
				CLANG_ANALYZER_NUMBER_OBJECT_CONVERSION = YES_AGGRESSIVE;
				CLANG_CXX_LANGUAGE_STANDARD = "gnu++17";
				CLANG_ENABLE_MODULES = YES;
				CLANG_ENABLE_OBJC_ARC = YES;
				CLANG_ENABLE_OBJC_WEAK = YES;
				CLANG_WARN_BLOCK_CAPTURE_AUTORELEASING = YES;
				CLANG_WARN_BOOL_CONVERSION = YES;
				CLANG_WARN_COMMA = YES;
				CLANG_WARN_CONSTANT_CONVERSION = YES;
				CLANG_WARN_DEPRECATED_OBJC_IMPLEMENTATIONS = YES;
				CLANG_WARN_DIRECT_OBJC_ISA_USAGE = YES_ERROR;
				CLANG_WARN_DOCUMENTATION_COMMENTS = YES;
				CLANG_WARN_EMPTY_BODY = YES;
				CLANG_WARN_ENUM_CONVERSION = YES;
				CLANG_WARN_INFINITE_RECURSION = YES;
				CLANG_WARN_INT_CONVERSION = YES;
				CLANG_WARN_NON_LITERAL_NULL_CONVERSION = YES;
				CLANG_WARN_OBJC_IMPLICIT_RETAIN_SELF = YES;
				CLANG_WARN_OBJC_LITERAL_CONVERSION = YES;
				CLANG_WARN_OBJC_ROOT_CLASS = YES_ERROR;
				CLANG_WARN_QUOTED_INCLUDE_IN_FRAMEWORK_HEADER = YES;
				CLANG_WARN_RANGE_LOOP_ANALYSIS = YES;
				CLANG_WARN_STRICT_PROTOTYPES = YES;
				CLANG_WARN_SUSPICIOUS_MOVE = YES;
				CLANG_WARN_UNGUARDED_AVAILABILITY = YES_AGGRESSIVE;
				CLANG_WARN_UNREACHABLE_CODE = YES;
				CLANG_WARN__DUPLICATE_METHOD_MATCH = YES;
				COPY_PHASE_STRIP = NO;
				DEBUG_INFORMATION_FORMAT = "dwarf-with-dsym";
				ENABLE_NS_ASSERTIONS = NO;
				ENABLE_STRICT_OBJC_MSGSEND = YES;
				"EXCLUDED_ARCHS[sdk=iphonesimulator*]" = arm64;
				GCC_C_LANGUAGE_STANDARD = gnu11;
				GCC_NO_COMMON_BLOCKS = YES;
				GCC_WARN_64_TO_32_BIT_CONVERSION = YES;
				GCC_WARN_ABOUT_RETURN_TYPE = YES_ERROR;
				GCC_WARN_UNDECLARED_SELECTOR = YES;
				GCC_WARN_UNINITIALIZED_AUTOS = YES_AGGRESSIVE;
				GCC_WARN_UNUSED_FUNCTION = YES;
				GCC_WARN_UNUSED_VARIABLE = YES;
				MTL_ENABLE_DEBUG_INFO = NO;
				MTL_FAST_MATH = YES;
				ONLY_ACTIVE_ARCH = NO;
				SWIFT_COMPILATION_MODE = wholemodule;
				SWIFT_OPTIMIZATION_LEVEL = "-O";
			};
			name = Release;
		};
		1404173D2884FC6E001E8C82 /* Debug */ = {
			isa = XCBuildConfiguration;
			buildSettings = {
				ASSETCATALOG_COMPILER_APPICON_NAME = AppIcon;
				ASSETCATALOG_COMPILER_GLOBAL_ACCENT_COLOR_NAME = AccentColor;
				CODE_SIGN_STYLE = Automatic;
				CURRENT_PROJECT_VERSION = 1;
				DEVELOPMENT_TEAM = CL862BSR9Q;
				ENABLE_PREVIEWS = YES;
				GENERATE_INFOPLIST_FILE = YES;
				INFOPLIST_KEY_UIApplicationSceneManifest_Generation = YES;
				INFOPLIST_KEY_UIApplicationSupportsIndirectInputEvents = YES;
				INFOPLIST_KEY_UILaunchScreen_Generation = YES;
				INFOPLIST_KEY_UISupportedInterfaceOrientations_iPad = "UIInterfaceOrientationPortrait UIInterfaceOrientationPortraitUpsideDown UIInterfaceOrientationLandscapeLeft UIInterfaceOrientationLandscapeRight";
				INFOPLIST_KEY_UISupportedInterfaceOrientations_iPhone = "UIInterfaceOrientationPortrait UIInterfaceOrientationLandscapeLeft UIInterfaceOrientationLandscapeRight";
				IPHONEOS_DEPLOYMENT_TARGET = 15.5;
				LD_RUNPATH_SEARCH_PATHS = (
					"$(inherited)",
					"@executable_path/Frameworks",
				);
				LIBRARY_SEARCH_PATHS = (
					"$(inherited)",
					"$(PROJECT_DIR)/Shared/Package/ZMQ/Libraries",
					"$(PROJECT_DIR)/Shared/Package/ZMQ/SwiftyZeroMQ-master/Libraries",
				);
				"LIBRARY_SEARCH_PATHS[arch=*]" = (
					"$(inherited)",
					"$(PROJECT_DIR)/Shared/Package/ZMQ/Libraries",
					"$(PROJECT_DIR)/Shared/Package/ZMQ/SwiftyZeroMQ-master/Libraries",
				);
				MARKETING_VERSION = 1.0;
				PRODUCT_BUNDLE_IDENTIFIER = "obajo.astro-ui";
				PRODUCT_NAME = "astro-ui";
				SDKROOT = iphoneos;
				SWIFT_EMIT_LOC_STRINGS = YES;
				SWIFT_VERSION = 5.0;
				TARGETED_DEVICE_FAMILY = "1,2";
			};
			name = Debug;
		};
		1404173E2884FC6E001E8C82 /* Release */ = {
			isa = XCBuildConfiguration;
			buildSettings = {
				ASSETCATALOG_COMPILER_APPICON_NAME = AppIcon;
				ASSETCATALOG_COMPILER_GLOBAL_ACCENT_COLOR_NAME = AccentColor;
				CODE_SIGN_STYLE = Automatic;
				CURRENT_PROJECT_VERSION = 1;
				DEVELOPMENT_TEAM = CL862BSR9Q;
				ENABLE_PREVIEWS = YES;
				GENERATE_INFOPLIST_FILE = YES;
				INFOPLIST_KEY_UIApplicationSceneManifest_Generation = YES;
				INFOPLIST_KEY_UIApplicationSupportsIndirectInputEvents = YES;
				INFOPLIST_KEY_UILaunchScreen_Generation = YES;
				INFOPLIST_KEY_UISupportedInterfaceOrientations_iPad = "UIInterfaceOrientationPortrait UIInterfaceOrientationPortraitUpsideDown UIInterfaceOrientationLandscapeLeft UIInterfaceOrientationLandscapeRight";
				INFOPLIST_KEY_UISupportedInterfaceOrientations_iPhone = "UIInterfaceOrientationPortrait UIInterfaceOrientationLandscapeLeft UIInterfaceOrientationLandscapeRight";
				IPHONEOS_DEPLOYMENT_TARGET = 15.5;
				LD_RUNPATH_SEARCH_PATHS = (
					"$(inherited)",
					"@executable_path/Frameworks",
				);
				LIBRARY_SEARCH_PATHS = (
					"$(inherited)",
					"$(PROJECT_DIR)/Shared/Package/ZMQ/Libraries",
					"$(PROJECT_DIR)/Shared/Package/ZMQ/SwiftyZeroMQ-master/Libraries",
				);
				"LIBRARY_SEARCH_PATHS[arch=*]" = /Users/bentatman/Downloads;
				MARKETING_VERSION = 1.0;
				PRODUCT_BUNDLE_IDENTIFIER = "obajo.astro-ui";
				PRODUCT_NAME = "astro-ui";
				SDKROOT = iphoneos;
				SWIFT_EMIT_LOC_STRINGS = YES;
				SWIFT_VERSION = 5.0;
				TARGETED_DEVICE_FAMILY = "1,2";
				VALIDATE_PRODUCT = YES;
			};
			name = Release;
		};
		140417432884FC6E001E8C82 /* Debug */ = {
			isa = XCBuildConfiguration;
			buildSettings = {
				ALWAYS_EMBED_SWIFT_STANDARD_LIBRARIES = YES;
				CODE_SIGN_STYLE = Automatic;
				CURRENT_PROJECT_VERSION = 1;
				DEVELOPMENT_TEAM = CL862BSR9Q;
				GENERATE_INFOPLIST_FILE = YES;
				IPHONEOS_DEPLOYMENT_TARGET = 15.5;
				MARKETING_VERSION = 1.0;
				PRODUCT_BUNDLE_IDENTIFIER = "obajo.Tests-iOS";
				PRODUCT_NAME = "$(TARGET_NAME)";
				SDKROOT = iphoneos;
				SWIFT_EMIT_LOC_STRINGS = NO;
				SWIFT_VERSION = 5.0;
				TARGETED_DEVICE_FAMILY = "1,2";
				TEST_TARGET_NAME = "astro-ui (iOS)";
			};
			name = Debug;
		};
		140417442884FC6E001E8C82 /* Release */ = {
			isa = XCBuildConfiguration;
			buildSettings = {
				ALWAYS_EMBED_SWIFT_STANDARD_LIBRARIES = YES;
				CODE_SIGN_STYLE = Automatic;
				CURRENT_PROJECT_VERSION = 1;
				DEVELOPMENT_TEAM = CL862BSR9Q;
				GENERATE_INFOPLIST_FILE = YES;
				IPHONEOS_DEPLOYMENT_TARGET = 15.5;
				MARKETING_VERSION = 1.0;
				PRODUCT_BUNDLE_IDENTIFIER = "obajo.Tests-iOS";
				PRODUCT_NAME = "$(TARGET_NAME)";
				SDKROOT = iphoneos;
				SWIFT_EMIT_LOC_STRINGS = NO;
				SWIFT_VERSION = 5.0;
				TARGETED_DEVICE_FAMILY = "1,2";
				TEST_TARGET_NAME = "astro-ui (iOS)";
				VALIDATE_PRODUCT = YES;
			};
			name = Release;
		};
/* End XCBuildConfiguration section */

/* Begin XCConfigurationList section */
		1404170A2884FC6D001E8C82 /* Build configuration list for PBXProject "astro-ui" */ = {
			isa = XCConfigurationList;
			buildConfigurations = (
				1404173A2884FC6E001E8C82 /* Debug */,
				1404173B2884FC6E001E8C82 /* Release */,
			);
			defaultConfigurationIsVisible = 0;
			defaultConfigurationName = Release;
		};
		1404173C2884FC6E001E8C82 /* Build configuration list for PBXNativeTarget "astro-ui (iOS)" */ = {
			isa = XCConfigurationList;
			buildConfigurations = (
				1404173D2884FC6E001E8C82 /* Debug */,
				1404173E2884FC6E001E8C82 /* Release */,
			);
			defaultConfigurationIsVisible = 0;
			defaultConfigurationName = Release;
		};
		140417422884FC6E001E8C82 /* Build configuration list for PBXNativeTarget "Tests iOS" */ = {
			isa = XCConfigurationList;
			buildConfigurations = (
				140417432884FC6E001E8C82 /* Debug */,
				140417442884FC6E001E8C82 /* Release */,
			);
			defaultConfigurationIsVisible = 0;
			defaultConfigurationName = Release;
		};
/* End XCConfigurationList section */
	};
	rootObject = 140417072884FC6D001E8C82 /* Project object */;
}
